// !$*UTF8*$!
{
	archiveVersion = 1;
	classes = {
	};
	objectVersion = 77;
	objects = {

/* Begin PBXContainerItemProxy section */
		CBDEC78F2E57B32200AAC4C6 /* PBXContainerItemProxy */ = {
			isa = PBXContainerItemProxy;
			containerPortal = CBDEC7702E57B32000AAC4C6 /* Project object */;
			proxyType = 1;
			remoteGlobalIDString = CBDEC7772E57B32000AAC4C6;
			remoteInfo = Dummer;
		};
		CBDEC7992E57B32200AAC4C6 /* PBXContainerItemProxy */ = {
			isa = PBXContainerItemProxy;
			containerPortal = CBDEC7702E57B32000AAC4C6 /* Project object */;
			proxyType = 1;
			remoteGlobalIDString = CBDEC7772E57B32000AAC4C6;
			remoteInfo = Dummer;
		};
/* End PBXContainerItemProxy section */

/* Begin PBXFileReference section */
		CBDEC7782E57B32000AAC4C6 /* Dummer.app */ = {isa = PBXFileReference; explicitFileType = wrapper.application; includeInIndex = 0; path = Dummer.app; sourceTree = BUILT_PRODUCTS_DIR; };
		CBDEC78E2E57B32200AAC4C6 /* DummerTests.xctest */ = {isa = PBXFileReference; explicitFileType = wrapper.cfbundle; includeInIndex = 0; path = DummerTests.xctest; sourceTree = BUILT_PRODUCTS_DIR; };
		CBDEC7982E57B32200AAC4C6 /* DummerUITests.xctest */ = {isa = PBXFileReference; explicitFileType = wrapper.cfbundle; includeInIndex = 0; path = DummerUITests.xctest; sourceTree = BUILT_PRODUCTS_DIR; };
/* End PBXFileReference section */

/* Begin PBXFileSystemSynchronizedBuildFileExceptionSet section */
		CBDEC7A02E57B32200AAC4C6 /* Exceptions for "Dummer" folder in "Dummer" target */ = {
			isa = PBXFileSystemSynchronizedBuildFileExceptionSet;
			membershipExceptions = (
				Info.plist,
			);
			target = CBDEC7772E57B32000AAC4C6 /* Dummer */;
		};
/* End PBXFileSystemSynchronizedBuildFileExceptionSet section */

/* Begin PBXFileSystemSynchronizedRootGroup section */
		CBDEC77A2E57B32000AAC4C6 /* Dummer */ = {
			isa = PBXFileSystemSynchronizedRootGroup;
			exceptions = (
				CBDEC7A02E57B32200AAC4C6 /* Exceptions for "Dummer" folder in "Dummer" target */,
			);
			path = Dummer;
			sourceTree = "<group>";
		};
		CBDEC7912E57B32200AAC4C6 /* DummerTests */ = {
			isa = PBXFileSystemSynchronizedRootGroup;
			path = DummerTests;
			sourceTree = "<group>";
		};
		CBDEC79B2E57B32200AAC4C6 /* DummerUITests */ = {
			isa = PBXFileSystemSynchronizedRootGroup;
			path = DummerUITests;
			sourceTree = "<group>";
		};
/* End PBXFileSystemSynchronizedRootGroup section */

/* Begin PBXFrameworksBuildPhase section */
		CBDEC7752E57B32000AAC4C6 /* Frameworks */ = {
			isa = PBXFrameworksBuildPhase;
			buildActionMask = 2147483647;
			files = (
			);
			runOnlyForDeploymentPostprocessing = 0;
		};
		CBDEC78B2E57B32200AAC4C6 /* Frameworks */ = {
			isa = PBXFrameworksBuildPhase;
			buildActionMask = 2147483647;
			files = (
			);
			runOnlyForDeploymentPostprocessing = 0;
		};
		CBDEC7952E57B32200AAC4C6 /* Frameworks */ = {
			isa = PBXFrameworksBuildPhase;
			buildActionMask = 2147483647;
			files = (
			);
			runOnlyForDeploymentPostprocessing = 0;
		};
/* End PBXFrameworksBuildPhase section */

/* Begin PBXGroup section */
		CBDEC76F2E57B32000AAC4C6 = {
			isa = PBXGroup;
			children = (
				CBDEC77A2E57B32000AAC4C6 /* Dummer */,
				CBDEC7912E57B32200AAC4C6 /* DummerTests */,
				CBDEC79B2E57B32200AAC4C6 /* DummerUITests */,
				CBDEC7792E57B32000AAC4C6 /* Products */,
			);
			sourceTree = "<group>";
		};
		CBDEC7792E57B32000AAC4C6 /* Products */ = {
			isa = PBXGroup;
			children = (
				CBDEC7782E57B32000AAC4C6 /* Dummer.app */,
				CBDEC78E2E57B32200AAC4C6 /* DummerTests.xctest */,
				CBDEC7982E57B32200AAC4C6 /* DummerUITests.xctest */,
			);
			name = Products;
			sourceTree = "<group>";
		};
/* End PBXGroup section */

/* Begin PBXNativeTarget section */
		CBDEC7772E57B32000AAC4C6 /* Dummer */ = {
			isa = PBXNativeTarget;
			buildConfigurationList = CBDEC7A12E57B32200AAC4C6 /* Build configuration list for PBXNativeTarget "Dummer" */;
			buildPhases = (
				CBDEC7742E57B32000AAC4C6 /* Sources */,
				CBDEC7752E57B32000AAC4C6 /* Frameworks */,
				CBDEC7762E57B32000AAC4C6 /* Resources */,
			);
			buildRules = (
			);
			dependencies = (
			);
			fileSystemSynchronizedGroups = (
				CBDEC77A2E57B32000AAC4C6 /* Dummer */,
			);
			name = Dummer;
			packageProductDependencies = (
			);
			productName = Dummer;
			productReference = CBDEC7782E57B32000AAC4C6 /* Dummer.app */;
			productType = "com.apple.product-type.application";
		};
		CBDEC78D2E57B32200AAC4C6 /* DummerTests */ = {
			isa = PBXNativeTarget;
			buildConfigurationList = CBDEC7A62E57B32200AAC4C6 /* Build configuration list for PBXNativeTarget "DummerTests" */;
			buildPhases = (
				CBDEC78A2E57B32200AAC4C6 /* Sources */,
				CBDEC78B2E57B32200AAC4C6 /* Frameworks */,
				CBDEC78C2E57B32200AAC4C6 /* Resources */,
			);
			buildRules = (
			);
			dependencies = (
				CBDEC7902E57B32200AAC4C6 /* PBXTargetDependency */,
			);
			fileSystemSynchronizedGroups = (
				CBDEC7912E57B32200AAC4C6 /* DummerTests */,
			);
			name = DummerTests;
			packageProductDependencies = (
			);
			productName = DummerTests;
			productReference = CBDEC78E2E57B32200AAC4C6 /* DummerTests.xctest */;
			productType = "com.apple.product-type.bundle.unit-test";
		};
		CBDEC7972E57B32200AAC4C6 /* DummerUITests */ = {
			isa = PBXNativeTarget;
			buildConfigurationList = CBDEC7A92E57B32200AAC4C6 /* Build configuration list for PBXNativeTarget "DummerUITests" */;
			buildPhases = (
				CBDEC7942E57B32200AAC4C6 /* Sources */,
				CBDEC7952E57B32200AAC4C6 /* Frameworks */,
				CBDEC7962E57B32200AAC4C6 /* Resources */,
			);
			buildRules = (
			);
			dependencies = (
				CBDEC79A2E57B32200AAC4C6 /* PBXTargetDependency */,
			);
			fileSystemSynchronizedGroups = (
				CBDEC79B2E57B32200AAC4C6 /* DummerUITests */,
			);
			name = DummerUITests;
			packageProductDependencies = (
			);
			productName = DummerUITests;
			productReference = CBDEC7982E57B32200AAC4C6 /* DummerUITests.xctest */;
			productType = "com.apple.product-type.bundle.ui-testing";
		};
/* End PBXNativeTarget section */

/* Begin PBXProject section */
		CBDEC7702E57B32000AAC4C6 /* Project object */ = {
			isa = PBXProject;
			attributes = {
				BuildIndependentTargetsInParallel = 1;
				LastSwiftUpdateCheck = 1630;
				LastUpgradeCheck = 1630;
				TargetAttributes = {
					CBDEC7772E57B32000AAC4C6 = {
						CreatedOnToolsVersion = 16.3;
					};
					CBDEC78D2E57B32200AAC4C6 = {
						CreatedOnToolsVersion = 16.3;
						TestTargetID = CBDEC7772E57B32000AAC4C6;
					};
					CBDEC7972E57B32200AAC4C6 = {
						CreatedOnToolsVersion = 16.3;
						TestTargetID = CBDEC7772E57B32000AAC4C6;
					};
				};
			};
			buildConfigurationList = CBDEC7732E57B32000AAC4C6 /* Build configuration list for PBXProject "Dummer" */;
			developmentRegion = en;
			hasScannedForEncodings = 0;
			knownRegions = (
				en,
				Base,
			);
			mainGroup = CBDEC76F2E57B32000AAC4C6;
			minimizedProjectReferenceProxies = 1;
			preferredProjectObjectVersion = 77;
			productRefGroup = CBDEC7792E57B32000AAC4C6 /* Products */;
			projectDirPath = "";
			projectRoot = "";
			targets = (
				CBDEC7772E57B32000AAC4C6 /* Dummer */,
				CBDEC78D2E57B32200AAC4C6 /* DummerTests */,
				CBDEC7972E57B32200AAC4C6 /* DummerUITests */,
			);
		};
/* End PBXProject section */

/* Begin PBXResourcesBuildPhase section */
		CBDEC7762E57B32000AAC4C6 /* Resources */ = {
			isa = PBXResourcesBuildPhase;
			buildActionMask = 2147483647;
			files = (
			);
			runOnlyForDeploymentPostprocessing = 0;
		};
		CBDEC78C2E57B32200AAC4C6 /* Resources */ = {
			isa = PBXResourcesBuildPhase;
			buildActionMask = 2147483647;
			files = (
			);
			runOnlyForDeploymentPostprocessing = 0;
		};
		CBDEC7962E57B32200AAC4C6 /* Resources */ = {
			isa = PBXResourcesBuildPhase;
			buildActionMask = 2147483647;
			files = (
			);
			runOnlyForDeploymentPostprocessing = 0;
		};
/* End PBXResourcesBuildPhase section */

/* Begin PBXSourcesBuildPhase section */
		CBDEC7742E57B32000AAC4C6 /* Sources */ = {
			isa = PBXSourcesBuildPhase;
			buildActionMask = 2147483647;
			files = (
			);
			runOnlyForDeploymentPostprocessing = 0;
		};
		CBDEC78A2E57B32200AAC4C6 /* Sources */ = {
			isa = PBXSourcesBuildPhase;
			buildActionMask = 2147483647;
			files = (
			);
			runOnlyForDeploymentPostprocessing = 0;
		};
		CBDEC7942E57B32200AAC4C6 /* Sources */ = {
			isa = PBXSourcesBuildPhase;
			buildActionMask = 2147483647;
			files = (
			);
			runOnlyForDeploymentPostprocessing = 0;
		};
/* End PBXSourcesBuildPhase section */

/* Begin PBXTargetDependency section */
		CBDEC7902E57B32200AAC4C6 /* PBXTargetDependency */ = {
			isa = PBXTargetDependency;
			target = CBDEC7772E57B32000AAC4C6 /* Dummer */;
			targetProxy = CBDEC78F2E57B32200AAC4C6 /* PBXContainerItemProxy */;
		};
		CBDEC79A2E57B32200AAC4C6 /* PBXTargetDependency */ = {
			isa = PBXTargetDependency;
			target = CBDEC7772E57B32000AAC4C6 /* Dummer */;
			targetProxy = CBDEC7992E57B32200AAC4C6 /* PBXContainerItemProxy */;
		};
/* End PBXTargetDependency section */

/* Begin XCBuildConfiguration section */
		CBDEC7A22E57B32200AAC4C6 /* Debug */ = {
			isa = XCBuildConfiguration;
			buildSettings = {
				ASSETCATALOG_COMPILER_APPICON_NAME = AppIcon;
				ASSETCATALOG_COMPILER_GLOBAL_ACCENT_COLOR_NAME = AccentColor;
				CODE_SIGN_STYLE = Automatic;
				CURRENT_PROJECT_VERSION = 1;
				GENERATE_INFOPLIST_FILE = YES;
				INFOPLIST_FILE = Dummer/Info.plist;
				INFOPLIST_KEY_UIApplicationSupportsIndirectInputEvents = YES;
				INFOPLIST_KEY_UILaunchStoryboardName = LaunchScreen;
				INFOPLIST_KEY_UIMainStoryboardFile = "";
				INFOPLIST_KEY_UISupportedInterfaceOrientations_iPad = "UIInterfaceOrientationPortrait UIInterfaceOrientationPortraitUpsideDown UIInterfaceOrientationLandscapeLeft UIInterfaceOrientationLandscapeRight";
				INFOPLIST_KEY_UISupportedInterfaceOrientations_iPhone = "UIInterfaceOrientationPortrait UIInterfaceOrientationLandscapeLeft UIInterfaceOrientationLandscapeRight";
				LD_RUNPATH_SEARCH_PATHS = (
					"$(inherited)",
					"@executable_path/Frameworks",
				);
				MARKETING_VERSION = 1.0;
				PRODUCT_BUNDLE_IDENTIFIER = chaos.Dummer;
				PRODUCT_NAME = "$(TARGET_NAME)";
				SWIFT_EMIT_LOC_STRINGS = YES;
				SWIFT_VERSION = 5.0;
				TARGETED_DEVICE_FAMILY = "1,2";
			};
			name = Debug;
		};
		CBDEC7A32E57B32200AAC4C6 /* Release */ = {
			isa = XCBuildConfiguration;
			buildSettings = {
				ASSETCATALOG_COMPILER_APPICON_NAME = AppIcon;
				ASSETCATALOG_COMPILER_GLOBAL_ACCENT_COLOR_NAME = AccentColor;
				CODE_SIGN_STYLE = Automatic;
				CURRENT_PROJECT_VERSION = 1;
				GENERATE_INFOPLIST_FILE = YES;
				INFOPLIST_FILE = Dummer/Info.plist;
				INFOPLIST_KEY_UIApplicationSupportsIndirectInputEvents = YES;
				INFOPLIST_KEY_UILaunchStoryboardName = LaunchScreen;
				INFOPLIST_KEY_UIMainStoryboardFile = "";
				INFOPLIST_KEY_UISupportedInterfaceOrientations_iPad = "UIInterfaceOrientationPortrait UIInterfaceOrientationPortraitUpsideDown UIInterfaceOrientationLandscapeLeft UIInterfaceOrientationLandscapeRight";
				INFOPLIST_KEY_UISupportedInterfaceOrientations_iPhone = "UIInterfaceOrientationPortrait UIInterfaceOrientationLandscapeLeft UIInterfaceOrientationLandscapeRight";
				LD_RUNPATH_SEARCH_PATHS = (
					"$(inherited)",
					"@executable_path/Frameworks",
				);
				MARKETING_VERSION = 1.0;
				PRODUCT_BUNDLE_IDENTIFIER = chaos.Dummer;
				PRODUCT_NAME = "$(TARGET_NAME)";
				SWIFT_EMIT_LOC_STRINGS = YES;
				SWIFT_VERSION = 5.0;
				TARGETED_DEVICE_FAMILY = "1,2";
			};
			name = Release;
		};
		CBDEC7A42E57B32200AAC4C6 /* Debug */ = {
			isa = XCBuildConfiguration;
			buildSettings = {
				ALWAYS_SEARCH_USER_PATHS = NO;
				ASSETCATALOG_COMPILER_GENERATE_SWIFT_ASSET_SYMBOL_EXTENSIONS = YES;
				CLANG_ANALYZER_NONNULL = YES;
				CLANG_ANALYZER_NUMBER_OBJECT_CONVERSION = YES_AGGRESSIVE;
				CLANG_CXX_LANGUAGE_STANDARD = "gnu++20";
				CLANG_ENABLE_MODULES = YES;
				CLANG_ENABLE_OBJC_ARC = YES;
				CLANG_ENABLE_OBJC_WEAK = YES;
				CLANG_WARN_BLOCK_CAPTURE_AUTORELEASING = YES;
				CLANG_WARN_BOOL_CONVERSION = YES;
				CLANG_WARN_COMMA = YES;
				CLANG_WARN_CONSTANT_CONVERSION = YES;
				CLANG_WARN_DEPRECATED_OBJC_IMPLEMENTATIONS = YES;
				CLANG_WARN_DIRECT_OBJC_ISA_USAGE = YES_ERROR;
				CLANG_WARN_DOCUMENTATION_COMMENTS = YES;
				CLANG_WARN_EMPTY_BODY = YES;
				CLANG_WARN_ENUM_CONVERSION = YES;
				CLANG_WARN_INFINITE_RECURSION = YES;
				CLANG_WARN_INT_CONVERSION = YES;
				CLANG_WARN_NON_LITERAL_NULL_CONVERSION = YES;
				CLANG_WARN_OBJC_IMPLICIT_RETAIN_SELF = YES;
				CLANG_WARN_OBJC_LITERAL_CONVERSION = YES;
				CLANG_WARN_OBJC_ROOT_CLASS = YES_ERROR;
				CLANG_WARN_QUOTED_INCLUDE_IN_FRAMEWORK_HEADER = YES;
				CLANG_WARN_RANGE_LOOP_ANALYSIS = YES;
				CLANG_WARN_STRICT_PROTOTYPES = YES;
				CLANG_WARN_SUSPICIOUS_MOVE = YES;
				CLANG_WARN_UNGUARDED_AVAILABILITY = YES_AGGRESSIVE;
				CLANG_WARN_UNREACHABLE_CODE = YES;
				CLANG_WARN__DUPLICATE_METHOD_MATCH = YES;
				COPY_PHASE_STRIP = NO;
				DEBUG_INFORMATION_FORMAT = dwarf;
				ENABLE_STRICT_OBJC_MSGSEND = YES;
				ENABLE_TESTABILITY = YES;
				ENABLE_USER_SCRIPT_SANDBOXING = YES;
				GCC_C_LANGUAGE_STANDARD = gnu17;
				GCC_DYNAMIC_NO_PIC = NO;
				GCC_NO_COMMON_BLOCKS = YES;
				GCC_OPTIMIZATION_LEVEL = 0;
				GCC_PREPROCESSOR_DEFINITIONS = (
					"DEBUG=1",
					"$(inherited)",
				);
				GCC_WARN_64_TO_32_BIT_CONVERSION = YES;
				GCC_WARN_ABOUT_RETURN_TYPE = YES_ERROR;
				GCC_WARN_UNDECLARED_SELECTOR = YES;
				GCC_WARN_UNINITIALIZED_AUTOS = YES_AGGRESSIVE;
				GCC_WARN_UNUSED_FUNCTION = YES;
				GCC_WARN_UNUSED_VARIABLE = YES;
				IPHONEOS_DEPLOYMENT_TARGET = 18.4;
				LOCALIZATION_PREFERS_STRING_CATALOGS = YES;
				MTL_ENABLE_DEBUG_INFO = INCLUDE_SOURCE;
				MTL_FAST_MATH = YES;
				ONLY_ACTIVE_ARCH = YES;
				SDKROOT = iphoneos;
				SWIFT_ACTIVE_COMPILATION_CONDITIONS = "DEBUG $(inherited)";
				SWIFT_OPTIMIZATION_LEVEL = "-Onone";
			};
			name = Debug;
		};
		CBDEC7A52E57B32200AAC4C6 /* Release */ = {
			isa = XCBuildConfiguration;
			buildSettings = {
				ALWAYS_SEARCH_USER_PATHS = NO;
				ASSETCATALOG_COMPILER_GENERATE_SWIFT_ASSET_SYMBOL_EXTENSIONS = YES;
				CLANG_ANALYZER_NONNULL = YES;
				CLANG_ANALYZER_NUMBER_OBJECT_CONVERSION = YES_AGGRESSIVE;
				CLANG_CXX_LANGUAGE_STANDARD = "gnu++20";
				CLANG_ENABLE_MODULES = YES;
				CLANG_ENABLE_OBJC_ARC = YES;
				CLANG_ENABLE_OBJC_WEAK = YES;
				CLANG_WARN_BLOCK_CAPTURE_AUTORELEASING = YES;
				CLANG_WARN_BOOL_CONVERSION = YES;
				CLANG_WARN_COMMA = YES;
				CLANG_WARN_CONSTANT_CONVERSION = YES;
				CLANG_WARN_DEPRECATED_OBJC_IMPLEMENTATIONS = YES;
				CLANG_WARN_DIRECT_OBJC_ISA_USAGE = YES_ERROR;
				CLANG_WARN_DOCUMENTATION_COMMENTS = YES;
				CLANG_WARN_EMPTY_BODY = YES;
				CLANG_WARN_ENUM_CONVERSION = YES;
				CLANG_WARN_INFINITE_RECURSION = YES;
				CLANG_WARN_INT_CONVERSION = YES;
				CLANG_WARN_NON_LITERAL_NULL_CONVERSION = YES;
				CLANG_WARN_OBJC_IMPLICIT_RETAIN_SELF = YES;
				CLANG_WARN_OBJC_LITERAL_CONVERSION = YES;
				CLANG_WARN_OBJC_ROOT_CLASS = YES_ERROR;
				CLANG_WARN_QUOTED_INCLUDE_IN_FRAMEWORK_HEADER = YES;
				CLANG_WARN_RANGE_LOOP_ANALYSIS = YES;
				CLANG_WARN_STRICT_PROTOTYPES = YES;
				CLANG_WARN_SUSPICIOUS_MOVE = YES;
				CLANG_WARN_UNGUARDED_AVAILABILITY = YES_AGGRESSIVE;
				CLANG_WARN_UNREACHABLE_CODE = YES;
				CLANG_WARN__DUPLICATE_METHOD_MATCH = YES;
				COPY_PHASE_STRIP = NO;
				DEBUG_INFORMATION_FORMAT = "dwarf-with-dsym";
				ENABLE_NS_ASSERTIONS = NO;
				ENABLE_STRICT_OBJC_MSGSEND = YES;
				ENABLE_USER_SCRIPT_SANDBOXING = YES;
				GCC_C_LANGUAGE_STANDARD = gnu17;
				GCC_NO_COMMON_BLOCKS = YES;
				GCC_WARN_64_TO_32_BIT_CONVERSION = YES;
				GCC_WARN_ABOUT_RETURN_TYPE = YES_ERROR;
				GCC_WARN_UNDECLARED_SELECTOR = YES;
				GCC_WARN_UNINITIALIZED_AUTOS = YES_AGGRESSIVE;
				GCC_WARN_UNUSED_FUNCTION = YES;
				GCC_WARN_UNUSED_VARIABLE = YES;
				IPHONEOS_DEPLOYMENT_TARGET = 18.4;
				LOCALIZATION_PREFERS_STRING_CATALOGS = YES;
				MTL_ENABLE_DEBUG_INFO = NO;
				MTL_FAST_MATH = YES;
				SDKROOT = iphoneos;
				SWIFT_COMPILATION_MODE = wholemodule;
				VALIDATE_PRODUCT = YES;
			};
			name = Release;
		};
		CBDEC7A72E57B32200AAC4C6 /* Debug */ = {
			isa = XCBuildConfiguration;
			buildSettings = {
				BUNDLE_LOADER = "$(TEST_HOST)";
				CODE_SIGN_STYLE = Automatic;
				CURRENT_PROJECT_VERSION = 1;
				GENERATE_INFOPLIST_FILE = YES;
				IPHONEOS_DEPLOYMENT_TARGET = 18.4;
				MARKETING_VERSION = 1.0;
				PRODUCT_BUNDLE_IDENTIFIER = chaos.DummerTests;
				PRODUCT_NAME = "$(TARGET_NAME)";
				SWIFT_EMIT_LOC_STRINGS = NO;
				SWIFT_VERSION = 5.0;
				TARGETED_DEVICE_FAMILY = "1,2";
				TEST_HOST = "$(BUILT_PRODUCTS_DIR)/Dummer.app/$(BUNDLE_EXECUTABLE_FOLDER_PATH)/Dummer";
			};
			name = Debug;
		};
		CBDEC7A82E57B32200AAC4C6 /* Release */ = {
			isa = XCBuildConfiguration;
			buildSettings = {
				BUNDLE_LOADER = "$(TEST_HOST)";
				CODE_SIGN_STYLE = Automatic;
				CURRENT_PROJECT_VERSION = 1;
				GENERATE_INFOPLIST_FILE = YES;
				IPHONEOS_DEPLOYMENT_TARGET = 18.4;
				MARKETING_VERSION = 1.0;
				PRODUCT_BUNDLE_IDENTIFIER = chaos.DummerTests;
				PRODUCT_NAME = "$(TARGET_NAME)";
				SWIFT_EMIT_LOC_STRINGS = NO;
				SWIFT_VERSION = 5.0;
				TARGETED_DEVICE_FAMILY = "1,2";
				TEST_HOST = "$(BUILT_PRODUCTS_DIR)/Dummer.app/$(BUNDLE_EXECUTABLE_FOLDER_PATH)/Dummer";
			};
			name = Release;
		};
		CBDEC7AA2E57B32200AAC4C6 /* Debug */ = {
			isa = XCBuildConfiguration;
			buildSettings = {
				CODE_SIGN_STYLE = Automatic;
				CURRENT_PROJECT_VERSION = 1;
				GENERATE_INFOPLIST_FILE = YES;
				MARKETING_VERSION = 1.0;
				PRODUCT_BUNDLE_IDENTIFIER = chaos.DummerUITests;
				PRODUCT_NAME = "$(TARGET_NAME)";
				SWIFT_EMIT_LOC_STRINGS = NO;
				SWIFT_VERSION = 5.0;
				TARGETED_DEVICE_FAMILY = "1,2";
				TEST_TARGET_NAME = Dummer;
			};
			name = Debug;
		};
		CBDEC7AB2E57B32200AAC4C6 /* Release */ = {
			isa = XCBuildConfiguration;
			buildSettings = {
				CODE_SIGN_STYLE = Automatic;
				CURRENT_PROJECT_VERSION = 1;
				GENERATE_INFOPLIST_FILE = YES;
				MARKETING_VERSION = 1.0;
				PRODUCT_BUNDLE_IDENTIFIER = chaos.DummerUITests;
				PRODUCT_NAME = "$(TARGET_NAME)";
				SWIFT_EMIT_LOC_STRINGS = NO;
				SWIFT_VERSION = 5.0;
				TARGETED_DEVICE_FAMILY = "1,2";
				TEST_TARGET_NAME = Dummer;
			};
			name = Release;
		};
/* End XCBuildConfiguration section */

/* Begin XCConfigurationList section */
		CBDEC7732E57B32000AAC4C6 /* Build configuration list for PBXProject "Dummer" */ = {
			isa = XCConfigurationList;
			buildConfigurations = (
				CBDEC7A42E57B32200AAC4C6 /* Debug */,
				CBDEC7A52E57B32200AAC4C6 /* Release */,
			);
			defaultConfigurationIsVisible = 0;
			defaultConfigurationName = Release;
		};
		CBDEC7A12E57B32200AAC4C6 /* Build configuration list for PBXNativeTarget "Dummer" */ = {
			isa = XCConfigurationList;
			buildConfigurations = (
				CBDEC7A22E57B32200AAC4C6 /* Debug */,
				CBDEC7A32E57B32200AAC4C6 /* Release */,
			);
			defaultConfigurationIsVisible = 0;
			defaultConfigurationName = Release;
		};
		CBDEC7A62E57B32200AAC4C6 /* Build configuration list for PBXNativeTarget "DummerTests" */ = {
			isa = XCConfigurationList;
			buildConfigurations = (
				CBDEC7A72E57B32200AAC4C6 /* Debug */,
				CBDEC7A82E57B32200AAC4C6 /* Release */,
			);
			defaultConfigurationIsVisible = 0;
			defaultConfigurationName = Release;
		};
		CBDEC7A92E57B32200AAC4C6 /* Build configuration list for PBXNativeTarget "DummerUITests" */ = {
			isa = XCConfigurationList;
			buildConfigurations = (
				CBDEC7AA2E57B32200AAC4C6 /* Debug */,
				CBDEC7AB2E57B32200AAC4C6 /* Release */,
			);
			defaultConfigurationIsVisible = 0;
			defaultConfigurationName = Release;
		};
/* End XCConfigurationList section */
	};
	rootObject = CBDEC7702E57B32000AAC4C6 /* Project object */;
}
